
Microsoft Visual Studio Solution File, Format Version 12.00
# Visual Studio Version 16
VisualStudioVersion = 16.0.30404.54
MinimumVisualStudioVersion = 10.0.40219.1
Project("{FAE04EC0-301F-11D3-BF4B-00C04F79EFBC}") = "AncientMysteries", "AncientMysteries\AncientMysteries.csproj", "{7714454B-7952-4FE5-BDF3-8E4DCF2D3559}"
EndProject
Global
	GlobalSection(SolutionConfigurationPlatforms) = preSolution
		Debug|x86 = Debug|x86
		Release|x86 = Release|x86
	EndGlobalSection
	GlobalSection(ProjectConfigurationPlatforms) = postSolution
		{7714454B-7952-4FE5-BDF3-8E4DCF2D3559}.Debug|x86.ActiveCfg = Debug|x86
		{7714454B-7952-4FE5-BDF3-8E4DCF2D3559}.Debug|x86.Build.0 = Debug|x86
		{7714454B-7952-4FE5-BDF3-8E4DCF2D3559}.Release|x86.ActiveCfg = Release|x86
		{7714454B-7952-4FE5-BDF3-8E4DCF2D3559}.Release|x86.Build.0 = Release|x86
	EndGlobalSection
	GlobalSection(SolutionProperties) = preSolution
		HideSolutionNode = FALSE
	EndGlobalSection
	GlobalSection(ExtensibilityGlobals) = postSolution
		SolutionGuid = {5365D632-C149-4FAD-AAA7-D20F095BDE1A}
	EndGlobalSection
EndGlobal
